# @generated - this file is auto-generated by `mise lock` https://mise.en.dev/dev-tools/mise-lock.html

[[tools.git-cliff]]
version = "2.14.2"
backend = "aqua:orhun/git-cliff"

[tools.git-cliff."platforms.linux-arm64"]
checksum = "sha256:69e208f6e4baef3a0f9b759d5f44223aa9336b86c691072a3d0c98d35a816e69"
url = "https://github.com/orhun/git-cliff/releases/download/v2.14.2/git-cliff-2.14.2-aarch64-unknown-linux-gnu.tar.gz"
url_api = "https://api.github.com/repos/orhun/git-cliff/releases/assets/573483780"

[tools.git-cliff."platforms.linux-arm64-musl"]
checksum = "sha256:4be21b21ec9699af4d330b224aeba8a41d41d8f5b351ca2da8a9ea2bdc36380f"
url = "https://github.com/orhun/git-cliff/releases/download/v2.14.2/git-cliff-2.14.2-aarch64-unknown-linux-musl.tar.gz"
url_api = "https://api.github.com/repos/orhun/git-cliff/releases/assets/573485334"

[tools.git-cliff."platforms.linux-x64"]
checksum = "sha256:24f397c733add5390fdceee3a2088588ab0d5f944ce00d34cb7029b888cf2db4"
url = "https://github.com/orhun/git-cliff/releases/download/v2.14.2/git-cliff-2.14.2-x86_64-unknown-linux-gnu.tar.gz"
url_api = "https://api.github.com/repos/orhun/git-cliff/releases/assets/573483509"

[tools.git-cliff."platforms.linux-x64-musl"]
checksum = "sha256:fa21e2fc70046fcfd0e43e5e4613873ab799aff3d9dc8559c00d31b270e417d0"
url = "https://github.com/orhun/git-cliff/releases/download/v2.14.2/git-cliff-2.14.2-x86_64-unknown-linux-musl.tar.gz"
url_api = "https://api.github.com/repos/orhun/git-cliff/releases/assets/573485273"

[tools.git-cliff."platforms.macos-arm64"]
checksum = "sha256:a0be97e237d440d34c5e508ec21d070b2c85cbb8be48a46a56f9a4e8bd247f05"
url = "https://github.com/orhun/git-cliff/releases/download/v2.14.2/git-cliff-2.14.2-aarch64-apple-darwin.tar.gz"
url_api = "https://api.github.com/repos/orhun/git-cliff/releases/assets/573487203"

[tools.git-cliff."platforms.macos-x64"]
checksum = "sha256:4e647d2deb152aca1e987f225cf42b080b991dd98f3bce4027ef95446d982ac3"
url = "https://github.com/orhun/git-cliff/releases/download/v2.14.2/git-cliff-2.14.2-x86_64-apple-darwin.tar.gz"
url_api = "https://api.github.com/repos/orhun/git-cliff/releases/assets/573484837"

[tools.git-cliff."platforms.windows-x64"]
checksum = "sha256:6ece2112b3f4af462190ecbea4aeb1315fff6af415629b597f84319073c31131"
url = "https://github.com/orhun/git-cliff/releases/download/v2.14.2/git-cliff-2.14.2-x86_64-pc-windows-msvc.zip"
url_api = "https://api.github.com/repos/orhun/git-cliff/releases/assets/573487227"

[[tools."go:golang.org/x/vuln/cmd/govulncheck"]]
version = "1.8.0"
backend = "go:golang.org/x/vuln/cmd/govulncheck"
